
Microsoft Visual Studio Solution File, Format Version 12.00
# Visual Studio Version 17
VisualStudioVersion = 17.4.33205.214
MinimumVisualStudioVersion = 10.0.40219.1
Project("{9A19103F-16F7-4668-BE54-9A1E7A4F7556}") = "Pagination WPF", "Pagination WPF\Pagination WPF.csproj", "{5DD1A139-EE47-4DF9-A1B7-771508F02E6C}"
EndProject
Project("{9A19103F-16F7-4668-BE54-9A1E7A4F7556}") = "TestProject", "TestProject\TestProject.csproj", "{0F42A7DE-F51B-4B98-86C3-0F3F5CB79F82}"
EndProject
Project("{9A19103F-16F7-4668-BE54-9A1E7A4F7556}") = "WPF Font Checker", "WPF Font Checker\WPF Font Checker.csproj", "{0A912390-240F-45A2-8351-66E0B9B08FE8}"
EndProject
Project("{FAE04EC0-301F-11D3-BF4B-00C04F79EFBC}") = "StopWatch-Navigation", "StopWatch-Navigation\StopWatch-Navigation.csproj", "{5A32BACE-5825-48D9-A456-2FED434BBE6E}"
EndProject
Global
	GlobalSection(SolutionConfigurationPlatforms) = preSolution
		Debug|Any CPU = Debug|Any CPU
		Release|Any CPU = Release|Any CPU
	EndGlobalSection
	GlobalSection(ProjectConfigurationPlatforms) = postSolution
		{5DD1A139-EE47-4DF9-A1B7-771508F02E6C}.Debug|Any CPU.ActiveCfg = Debug|Any CPU
		{5DD1A139-EE47-4DF9-A1B7-771508F02E6C}.Debug|Any CPU.Build.0 = Debug|Any CPU
		{5DD1A139-EE47-4DF9-A1B7-771508F02E6C}.Release|Any CPU.ActiveCfg = Release|Any CPU
		{5DD1A139-EE47-4DF9-A1B7-771508F02E6C}.Release|Any CPU.Build.0 = Release|Any CPU
		{0F42A7DE-F51B-4B98-86C3-0F3F5CB79F82}.Debug|Any CPU.ActiveCfg = Debug|Any CPU
		{0F42A7DE-F51B-4B98-86C3-0F3F5CB79F82}.Debug|Any CPU.Build.0 = Debug|Any CPU
		{0F42A7DE-F51B-4B98-86C3-0F3F5CB79F82}.Release|Any CPU.ActiveCfg = Release|Any CPU
		{0F42A7DE-F51B-4B98-86C3-0F3F5CB79F82}.Release|Any CPU.Build.0 = Release|Any CPU
		{0A912390-240F-45A2-8351-66E0B9B08FE8}.Debug|Any CPU.ActiveCfg = Debug|Any CPU
		{0A912390-240F-45A2-8351-66E0B9B08FE8}.Debug|Any CPU.Build.0 = Debug|Any CPU
		{0A912390-240F-45A2-8351-66E0B9B08FE8}.Release|Any CPU.ActiveCfg = Release|Any CPU
		{0A912390-240F-45A2-8351-66E0B9B08FE8}.Release|Any CPU.Build.0 = Release|Any CPU
		{5A32BACE-5825-48D9-A456-2FED434BBE6E}.Debug|Any CPU.ActiveCfg = Debug|Any CPU
		{5A32BACE-5825-48D9-A456-2FED434BBE6E}.Debug|Any CPU.Build.0 = Debug|Any CPU
		{5A32BACE-5825-48D9-A456-2FED434BBE6E}.Release|Any CPU.ActiveCfg = Release|Any CPU
		{5A32BACE-5825-48D9-A456-2FED434BBE6E}.Release|Any CPU.Build.0 = Release|Any CPU
	EndGlobalSection
	GlobalSection(SolutionProperties) = preSolution
		HideSolutionNode = FALSE
	EndGlobalSection
	GlobalSection(ExtensibilityGlobals) = postSolution
		SolutionGuid = {1587ADB2-2504-4D6F-BAF6-F4C3A027D66C}
	EndGlobalSection
EndGlobal
